
Microsoft Visual Studio Solution File, Format Version 12.00
# Visual Studio Version 17
VisualStudioVersion = 17.5.33530.505
MinimumVisualStudioVersion = 10.0.40219.1
Project("{FAE04EC0-301F-11D3-BF4B-00C04F79EFBC}") = "1. USD to BGN", "1. USD to BGN\1. USD to BGN.csproj", "{8A96220D-3029-4E78-BC41-BCF212AC781C}"
EndProject
Project("{FAE04EC0-301F-11D3-BF4B-00C04F79EFBC}") = "2. Radians to Degrees", "2. Radians to Degrees\2. Radians to Degrees.csproj", "{93ECF62C-CB29-41C0-B7DE-D1FA5994A369}"
EndProject
Project("{FAE04EC0-301F-11D3-BF4B-00C04F79EFBC}") = "3. Deposit Calculator", "3. Deposit Calculator\3. Deposit Calculator.csproj", "{7AEFA926-7B83-43AB-BC02-4EADCFEB3547}"
EndProject
Project("{FAE04EC0-301F-11D3-BF4B-00C04F79EFBC}") = "4. Vacation Book List", "4. Vacation Book List\4. Vacation Book List.csproj", "{78D27F88-7321-498F-8898-29CF13563D14}"
EndProject
Project("{FAE04EC0-301F-11D3-BF4B-00C04F79EFBC}") = "5. Supplies for School", "5. Supplies for School\5. Supplies for School.csproj", "{7B612CED-709B-4457-8926-D3672EFB69DB}"
EndProject
Project("{FAE04EC0-301F-11D3-BF4B-00C04F79EFBC}") = "6. Repainting", "Repainting\6. Repainting.csproj", "{D3E5ADC9-8D1C-41C1-AF1C-B3E3AAFB1447}"
EndProject
Project("{FAE04EC0-301F-11D3-BF4B-00C04F79EFBC}") = "7. Food Delivery", "7. Food Delivery\7. Food Delivery.csproj", "{C5AF21AA-3CB4-47A5-B2E1-73EAB05406BE}"
EndProject
Project("{FAE04EC0-301F-11D3-BF4B-00C04F79EFBC}") = "8. Basketball Equipment", "08. Basketball Equipment\8. Basketball Equipment.csproj", "{781740A3-D608-4967-8B2B-B65A7383D08A}"
EndProject
Project("{FAE04EC0-301F-11D3-BF4B-00C04F79EFBC}") = "9. Fish Tank", "9. Fish Tank\9. Fish Tank.csproj", "{D937AAAA-77B8-4BC1-B57F-ED627231EAF7}"
EndProject
Project("{FAE04EC0-301F-11D3-BF4B-00C04F79EFBC}") = "10. Hello SoftUni", "10. Hello SoftUni\10. Hello SoftUni.csproj", "{3F671908-7D6D-4DF7-9B62-7196F1651C43}"
EndProject
Project("{FAE04EC0-301F-11D3-BF4B-00C04F79EFBC}") = "11. Nums1to10", "11. Nums1to10\11. Nums1to10.csproj", "{66855626-E919-4D1A-8097-5EDEC9613E65}"
EndProject
Project("{FAE04EC0-301F-11D3-BF4B-00C04F79EFBC}") = "12. Rectangle Area", "12. Rectangle Area\12. Rectangle Area.csproj", "{0FFBCFF7-BB7A-4C32-BB58-A9226A8F467F}"
EndProject
Project("{FAE04EC0-301F-11D3-BF4B-00C04F79EFBC}") = "13. Inches to Centimeters", "13. Inches to Centimeters\13. Inches to Centimeters.csproj", "{83919E27-37C4-4CAC-AFE0-AF574171E10C}"
EndProject
Project("{FAE04EC0-301F-11D3-BF4B-00C04F79EFBC}") = "14. Greeting by Name", "14. Greeting by Name\14. Greeting by Name.csproj", "{AF6E8391-0F0C-4E21-AF2C-1EB2BC656AF7}"
EndProject
Project("{FAE04EC0-301F-11D3-BF4B-00C04F79EFBC}") = "15. Concatenate Data", "15. Concatenate Data\15. Concatenate Data.csproj", "{E08FC6A4-E569-4064-9B31-67F4017F2C1F}"
EndProject
Project("{FAE04EC0-301F-11D3-BF4B-00C04F79EFBC}") = "16. Projects Creation", "16. Projects Creation\16. Projects Creation.csproj", "{2CCAB4B6-6578-42F8-865C-67B319D46A9B}"
EndProject
Project("{FAE04EC0-301F-11D3-BF4B-00C04F79EFBC}") = "17. Pet Shop", "17. Pet Shop\17. Pet Shop.csproj", "{64A0FDE2-264A-40C7-9F58-093F4CDC6003}"
EndProject
Project("{FAE04EC0-301F-11D3-BF4B-00C04F79EFBC}") = "18. Yard Greening", "18. Yard Greening\18. Yard Greening.csproj", "{48ABC7F3-1723-47D6-9AB8-62E1E1C148FE}"
EndProject
Global
	GlobalSection(SolutionConfigurationPlatforms) = preSolution
		Debug|Any CPU = Debug|Any CPU
		Release|Any CPU = Release|Any CPU
	EndGlobalSection
	GlobalSection(ProjectConfigurationPlatforms) = postSolution
		{8A96220D-3029-4E78-BC41-BCF212AC781C}.Debug|Any CPU.ActiveCfg = Debug|Any CPU
		{8A96220D-3029-4E78-BC41-BCF212AC781C}.Debug|Any CPU.Build.0 = Debug|Any CPU
		{8A96220D-3029-4E78-BC41-BCF212AC781C}.Release|Any CPU.ActiveCfg = Release|Any CPU
		{8A96220D-3029-4E78-BC41-BCF212AC781C}.Release|Any CPU.Build.0 = Release|Any CPU
		{93ECF62C-CB29-41C0-B7DE-D1FA5994A369}.Debug|Any CPU.ActiveCfg = Debug|Any CPU
		{93ECF62C-CB29-41C0-B7DE-D1FA5994A369}.Debug|Any CPU.Build.0 = Debug|Any CPU
		{93ECF62C-CB29-41C0-B7DE-D1FA5994A369}.Release|Any CPU.ActiveCfg = Release|Any CPU
		{93ECF62C-CB29-41C0-B7DE-D1FA5994A369}.Release|Any CPU.Build.0 = Release|Any CPU
		{7AEFA926-7B83-43AB-BC02-4EADCFEB3547}.Debug|Any CPU.ActiveCfg = Debug|Any CPU
		{7AEFA926-7B83-43AB-BC02-4EADCFEB3547}.Debug|Any CPU.Build.0 = Debug|Any CPU
		{7AEFA926-7B83-43AB-BC02-4EADCFEB3547}.Release|Any CPU.ActiveCfg = Release|Any CPU
		{7AEFA926-7B83-43AB-BC02-4EADCFEB3547}.Release|Any CPU.Build.0 = Release|Any CPU
		{78D27F88-7321-498F-8898-29CF13563D14}.Debug|Any CPU.ActiveCfg = Debug|Any CPU
		{78D27F88-7321-498F-8898-29CF13563D14}.Debug|Any CPU.Build.0 = Debug|Any CPU
		{78D27F88-7321-498F-8898-29CF13563D14}.Release|Any CPU.ActiveCfg = Release|Any CPU
		{78D27F88-7321-498F-8898-29CF13563D14}.Release|Any CPU.Build.0 = Release|Any CPU
		{7B612CED-709B-4457-8926-D3672EFB69DB}.Debug|Any CPU.ActiveCfg = Debug|Any CPU
		{7B612CED-709B-4457-8926-D3672EFB69DB}.Debug|Any CPU.Build.0 = Debug|Any CPU
		{7B612CED-709B-4457-8926-D3672EFB69DB}.Release|Any CPU.ActiveCfg = Release|Any CPU
		{7B612CED-709B-4457-8926-D3672EFB69DB}.Release|Any CPU.Build.0 = Release|Any CPU
		{D3E5ADC9-8D1C-41C1-AF1C-B3E3AAFB1447}.Debug|Any CPU.ActiveCfg = Debug|Any CPU
		{D3E5ADC9-8D1C-41C1-AF1C-B3E3AAFB1447}.Debug|Any CPU.Build.0 = Debug|Any CPU
		{D3E5ADC9-8D1C-41C1-AF1C-B3E3AAFB1447}.Release|Any CPU.ActiveCfg = Release|Any CPU
		{D3E5ADC9-8D1C-41C1-AF1C-B3E3AAFB1447}.Release|Any CPU.Build.0 = Release|Any CPU
		{C5AF21AA-3CB4-47A5-B2E1-73EAB05406BE}.Debug|Any CPU.ActiveCfg = Debug|Any CPU
		{C5AF21AA-3CB4-47A5-B2E1-73EAB05406BE}.Debug|Any CPU.Build.0 = Debug|Any CPU
		{C5AF21AA-3CB4-47A5-B2E1-73EAB05406BE}.Release|Any CPU.ActiveCfg = Release|Any CPU
		{C5AF21AA-3CB4-47A5-B2E1-73EAB05406BE}.Release|Any CPU.Build.0 = Release|Any CPU
		{781740A3-D608-4967-8B2B-B65A7383D08A}.Debug|Any CPU.ActiveCfg = Debug|Any CPU
		{781740A3-D608-4967-8B2B-B65A7383D08A}.Debug|Any CPU.Build.0 = Debug|Any CPU
		{781740A3-D608-4967-8B2B-B65A7383D08A}.Release|Any CPU.ActiveCfg = Release|Any CPU
		{781740A3-D608-4967-8B2B-B65A7383D08A}.Release|Any CPU.Build.0 = Release|Any CPU
		{D937AAAA-77B8-4BC1-B57F-ED627231EAF7}.Debug|Any CPU.ActiveCfg = Debug|Any CPU
		{D937AAAA-77B8-4BC1-B57F-ED627231EAF7}.Debug|Any CPU.Build.0 = Debug|Any CPU
		{D937AAAA-77B8-4BC1-B57F-ED627231EAF7}.Release|Any CPU.ActiveCfg = Release|Any CPU
		{D937AAAA-77B8-4BC1-B57F-ED627231EAF7}.Release|Any CPU.Build.0 = Release|Any CPU
		{3F671908-7D6D-4DF7-9B62-7196F1651C43}.Debug|Any CPU.ActiveCfg = Debug|Any CPU
		{3F671908-7D6D-4DF7-9B62-7196F1651C43}.Debug|Any CPU.Build.0 = Debug|Any CPU
		{3F671908-7D6D-4DF7-9B62-7196F1651C43}.Release|Any CPU.ActiveCfg = Release|Any CPU
		{3F671908-7D6D-4DF7-9B62-7196F1651C43}.Release|Any CPU.Build.0 = Release|Any CPU
		{66855626-E919-4D1A-8097-5EDEC9613E65}.Debug|Any CPU.ActiveCfg = Debug|Any CPU
		{66855626-E919-4D1A-8097-5EDEC9613E65}.Debug|Any CPU.Build.0 = Debug|Any CPU
		{66855626-E919-4D1A-8097-5EDEC9613E65}.Release|Any CPU.ActiveCfg = Release|Any CPU
		{66855626-E919-4D1A-8097-5EDEC9613E65}.Release|Any CPU.Build.0 = Release|Any CPU
		{0FFBCFF7-BB7A-4C32-BB58-A9226A8F467F}.Debug|Any CPU.ActiveCfg = Debug|Any CPU
		{0FFBCFF7-BB7A-4C32-BB58-A9226A8F467F}.Debug|Any CPU.Build.0 = Debug|Any CPU
		{0FFBCFF7-BB7A-4C32-BB58-A9226A8F467F}.Release|Any CPU.ActiveCfg = Release|Any CPU
		{0FFBCFF7-BB7A-4C32-BB58-A9226A8F467F}.Release|Any CPU.Build.0 = Release|Any CPU
		{83919E27-37C4-4CAC-AFE0-AF574171E10C}.Debug|Any CPU.ActiveCfg = Debug|Any CPU
		{83919E27-37C4-4CAC-AFE0-AF574171E10C}.Debug|Any CPU.Build.0 = Debug|Any CPU
		{83919E27-37C4-4CAC-AFE0-AF574171E10C}.Release|Any CPU.ActiveCfg = Release|Any CPU
		{83919E27-37C4-4CAC-AFE0-AF574171E10C}.Release|Any CPU.Build.0 = Release|Any CPU
		{AF6E8391-0F0C-4E21-AF2C-1EB2BC656AF7}.Debug|Any CPU.ActiveCfg = Debug|Any CPU
		{AF6E8391-0F0C-4E21-AF2C-1EB2BC656AF7}.Debug|Any CPU.Build.0 = Debug|Any CPU
		{AF6E8391-0F0C-4E21-AF2C-1EB2BC656AF7}.Release|Any CPU.ActiveCfg = Release|Any CPU
		{AF6E8391-0F0C-4E21-AF2C-1EB2BC656AF7}.Release|Any CPU.Build.0 = Release|Any CPU
		{E08FC6A4-E569-4064-9B31-67F4017F2C1F}.Debug|Any CPU.ActiveCfg = Debug|Any CPU
		{E08FC6A4-E569-4064-9B31-67F4017F2C1F}.Debug|Any CPU.Build.0 = Debug|Any CPU
		{E08FC6A4-E569-4064-9B31-67F4017F2C1F}.Release|Any CPU.ActiveCfg = Release|Any CPU
		{E08FC6A4-E569-4064-9B31-67F4017F2C1F}.Release|Any CPU.Build.0 = Release|Any CPU
		{2CCAB4B6-6578-42F8-865C-67B319D46A9B}.Debug|Any CPU.ActiveCfg = Debug|Any CPU
		{2CCAB4B6-6578-42F8-865C-67B319D46A9B}.Debug|Any CPU.Build.0 = Debug|Any CPU
		{2CCAB4B6-6578-42F8-865C-67B319D46A9B}.Release|Any CPU.ActiveCfg = Release|Any CPU
		{2CCAB4B6-6578-42F8-865C-67B319D46A9B}.Release|Any CPU.Build.0 = Release|Any CPU
		{64A0FDE2-264A-40C7-9F58-093F4CDC6003}.Debug|Any CPU.ActiveCfg = Debug|Any CPU
		{64A0FDE2-264A-40C7-9F58-093F4CDC6003}.Debug|Any CPU.Build.0 = Debug|Any CPU
		{64A0FDE2-264A-40C7-9F58-093F4CDC6003}.Release|Any CPU.ActiveCfg = Release|Any CPU
		{64A0FDE2-264A-40C7-9F58-093F4CDC6003}.Release|Any CPU.Build.0 = Release|Any CPU
		{48ABC7F3-1723-47D6-9AB8-62E1E1C148FE}.Debug|Any CPU.ActiveCfg = Debug|Any CPU
		{48ABC7F3-1723-47D6-9AB8-62E1E1C148FE}.Debug|Any CPU.Build.0 = Debug|Any CPU
		{48ABC7F3-1723-47D6-9AB8-62E1E1C148FE}.Release|Any CPU.ActiveCfg = Release|Any CPU
		{48ABC7F3-1723-47D6-9AB8-62E1E1C148FE}.Release|Any CPU.Build.0 = Release|Any CPU
	EndGlobalSection
	GlobalSection(SolutionProperties) = preSolution
		HideSolutionNode = FALSE
	EndGlobalSection
	GlobalSection(ExtensibilityGlobals) = postSolution
		SolutionGuid = {8994056C-D093-4506-BF87-CE1B4CA1DFDF}
	EndGlobalSection
EndGlobal
