
Microsoft Visual Studio Solution File, Format Version 12.00
# Visual Studio Version 17
VisualStudioVersion = 17.5.33530.505
MinimumVisualStudioVersion = 10.0.40219.1
Project("{FAE04EC0-301F-11D3-BF4B-00C04F79EFBC}") = "01. Hello SoftUni", "01. Hello SoftUni\01. Hello SoftUni.csproj", "{8071F2E1-DC51-4C3E-9F49-AE1FE5280521}"
EndProject
Project("{FAE04EC0-301F-11D3-BF4B-00C04F79EFBC}") = "1. USD to BGN", "1. USD to BGN\1. USD to BGN.csproj", "{8A96220D-3029-4E78-BC41-BCF212AC781C}"
EndProject
Global
	GlobalSection(SolutionConfigurationPlatforms) = preSolution
		Debug|Any CPU = Debug|Any CPU
		Release|Any CPU = Release|Any CPU
	EndGlobalSection
	GlobalSection(ProjectConfigurationPlatforms) = postSolution
		{8071F2E1-DC51-4C3E-9F49-AE1FE5280521}.Debug|Any CPU.ActiveCfg = Debug|Any CPU
		{8071F2E1-DC51-4C3E-9F49-AE1FE5280521}.Debug|Any CPU.Build.0 = Debug|Any CPU
		{8071F2E1-DC51-4C3E-9F49-AE1FE5280521}.Release|Any CPU.ActiveCfg = Release|Any CPU
		{8071F2E1-DC51-4C3E-9F49-AE1FE5280521}.Release|Any CPU.Build.0 = Release|Any CPU
		{8A96220D-3029-4E78-BC41-BCF212AC781C}.Debug|Any CPU.ActiveCfg = Debug|Any CPU
		{8A96220D-3029-4E78-BC41-BCF212AC781C}.Debug|Any CPU.Build.0 = Debug|Any CPU
		{8A96220D-3029-4E78-BC41-BCF212AC781C}.Release|Any CPU.ActiveCfg = Release|Any CPU
		{8A96220D-3029-4E78-BC41-BCF212AC781C}.Release|Any CPU.Build.0 = Release|Any CPU
	EndGlobalSection
	GlobalSection(SolutionProperties) = preSolution
		HideSolutionNode = FALSE
	EndGlobalSection
	GlobalSection(ExtensibilityGlobals) = postSolution
		SolutionGuid = {8994056C-D093-4506-BF87-CE1B4CA1DFDF}
	EndGlobalSection
EndGlobal
